lockfileVersion: '9.0'

settings:
  autoInstallPeers: true
  excludeLinksFromLockfile: false

importers:

  .:
    dependencies:
      '@harmoniclabs/plu-ts':
        specifier: ^0.9.0
        version: 0.9.0
    devDependencies:
      typescript:
        specifier: ^5.8.3
        version: 5.8.3

packages:

  '@harmoniclabs/bigint-utils@1.0.0':
    resolution: {integrity: sha512-OhZMHcdtH2hHKMlxWFHf71PmKHdoi9ARpjS9mUu0/cd8VWDDjT7VQoQwC5NN/68iyO4O5Dojrvrp9tjG5BDABA==}

  '@harmoniclabs/biguint@1.0.0':
    resolution: {integrity: sha512-5DyCIBDL4W+7ffR1IJSbGrCG4xEYxAlFH5gCNF42qtyL5ltwZ92Ae1MyXpHM2TUPy7ocSTqlLUsOdy+SvqVVPw==}

  '@harmoniclabs/bip32_ed25519@0.1.3':
    resolution: {integrity: sha512-rdmAKeUri7AiYkCAyX4URWrMEJXTj2cMOTp2Kh1qyCo40uGOTTIWN1MHRuXm5RyXXfOzp2tzTdQ/+0qjC61uvw==}

  '@harmoniclabs/bitstream@1.0.0':
    resolution: {integrity: sha512-Ed/I46IuCiytE5QiMmmUo9kPJcypM7OuUqoRaAXUALL5C6LKLpT6kYE1qeuhLkx2/WvkHT18jcOX6jhM/nmqoA==}

  '@harmoniclabs/bytestring@1.0.0':
    resolution: {integrity: sha512-d5m10O0okKc6QNX0pSRriFTkk/kNMnMBGbo5X3kEZwKaXTI4tDVoTZBL7bwbYHwOEdSxWJjVtlO9xtB7ZrYZNg==}

  '@harmoniclabs/cardano-costmodels-ts@1.3.0':
    resolution: {integrity: sha512-ScKzSbzerBS+VanoVprRUGUILCFDApHqQVShtN8neOd1YKnTA1xsxV8SOE448RqXxTLTgjpKroPurztQTrNyrA==}

  '@harmoniclabs/cardano-ledger-ts@0.3.2':
    resolution: {integrity: sha512-tsYB0eQ0ltpc//fJBvFCddnLXlmL9YOi12pJKMJuW4TgJ+oLtitCW5k7SjfqPdbeqh1HBlJFBHGe3KsArInrhA==}
    peerDependencies:
      '@harmoniclabs/bip32_ed25519': ^0.1.2
      '@harmoniclabs/bytestring': ^1.0.0
      '@harmoniclabs/cardano-costmodels-ts': ^1.3.0
      '@harmoniclabs/cbor': ^1.6.0
      '@harmoniclabs/pair': ^1.0.0
      '@harmoniclabs/plutus-data': ^1.2.4
      '@harmoniclabs/plutus-machine': ^2.1.0

  '@harmoniclabs/cbor@1.6.6':
    resolution: {integrity: sha512-nOcts7PhkKCbqPKwP3/IsIQACwJvqchpT88cwvKspB+oR09YfB1LC1NrUTsFg1DusLRydVsOwR07KgYTF5uNOA==}

  '@harmoniclabs/crypto@0.2.5':
    resolution: {integrity: sha512-t2saWMFWBx8tOHotiYTTfQKhPGpWT4AMLXxq3u0apShVXNV0vgL0gEgSMudBjES/wrKByCqa2xmU70gadz26hA==}

  '@harmoniclabs/crypto@0.3.0-dev0':
    resolution: {integrity: sha512-mF0dKd/FnXebIrWEwt/Dgd+0VT8uFqTvEF+5IzwEYQf6G0rzz+gVbIBOZ1s0Pp8Lk64sSDQp1Fe62UB3JtQwbA==}

  '@harmoniclabs/obj-utils@1.0.0':
    resolution: {integrity: sha512-EO1bQBZAORrutcP+leP5YNDwNd/9TOE23VEvs3ktniXg6w0knUrLjUIl2Pkcbs/D1VQxqmsNpXho+vaMj00qxA==}

  '@harmoniclabs/pair@1.0.0':
    resolution: {integrity: sha512-D9OBowsUsy1LctHxWzd9AngTzoo5x3rBiJ0gu579t41Q23pb+VNx1euEfluUEiaYbgljcl1lb/4D1fFTZd1tRQ==}

  '@harmoniclabs/plu-ts-offchain@0.2.0':
    resolution: {integrity: sha512-Qb6laWoQUWDbN6UNFXLsnvkcYXbDit9tf+MZtxqus+/cN4EYuMDFz0uWVfGiDU8izaxQoACi7AyVQYs9da1w2w==}
    peerDependencies:
      '@harmoniclabs/bip32_ed25519': ^0.1.2
      '@harmoniclabs/bytestring': ^1.0.0
      '@harmoniclabs/cardano-costmodels-ts': ^1.3.0
      '@harmoniclabs/cardano-ledger-ts': ^0.3.1
      '@harmoniclabs/cbor': ^1.5.0
      '@harmoniclabs/pair': ^1.0.0
      '@harmoniclabs/plutus-data': ^1.2.4
      '@harmoniclabs/plutus-machine': ^2.1.0
      '@harmoniclabs/uplc': ^1.4.0

  '@harmoniclabs/plu-ts-onchain@0.4.0':
    resolution: {integrity: sha512-C2WJaDsNjr/OsA8iubrI3rksk02FvaFpATRy4zQrqonA6V0hRSi/rFHVx0M6P6f0uKvNdleyloU/y9Fbyrcf5A==}
    peerDependencies:
      '@harmoniclabs/bytestring': ^1.0.0
      '@harmoniclabs/cardano-costmodels-ts': ^1.3.0
      '@harmoniclabs/cardano-ledger-ts': ^0.3.1
      '@harmoniclabs/cbor': ^1.5.0
      '@harmoniclabs/pair': ^1.0.0
      '@harmoniclabs/plutus-data': ^1.2.4
      '@harmoniclabs/plutus-machine': ^2.1.0
      '@harmoniclabs/uplc': ^1.4.0

  '@harmoniclabs/plu-ts@0.9.0':
    resolution: {integrity: sha512-D398wN+m3NwTXgzQZPDvJCEq+lWCs9j8rv9VaP+GZORUwYjK9vv7DDNWi7XaijPtznjgxhr1uz7Lsv+14CpP7A==}

  '@harmoniclabs/plutus-data@1.2.4':
    resolution: {integrity: sha512-cpr6AnJRultH6PJRDriewHEgNLQs2IGLampZrLjmK5shzTsHICD0yD0Zig9eKdcS7dmY6mlzvSpAJWPGeTxbCA==}
    peerDependencies:
      '@harmoniclabs/bytestring': ^1.0.0
      '@harmoniclabs/cbor': ^1.3.0

  '@harmoniclabs/plutus-machine@2.1.1':
    resolution: {integrity: sha512-9uGCUbeFFCfiEDgc+3EkjRpGn7ncoor7v9kmxZofDuCt8RpKzzY51FUar64BQJVRJB8ZL6xc/PjQTIKcAGtfcw==}
    peerDependencies:
      '@harmoniclabs/bytestring': ^1.0.0
      '@harmoniclabs/cbor': ^1.5.0
      '@harmoniclabs/pair': ^1.0.0
      '@harmoniclabs/plutus-data': ^1.2.4
      '@harmoniclabs/uplc': ^1.4.1

  '@harmoniclabs/uint8array-utils@1.0.4':
    resolution: {integrity: sha512-Z454prSbX4geXGHyjjcn9vm6u9NsD3VJykv8f8yE1VjIXSPitaLPEnm8u2+B+GMp1chYlLilOq+kW4OvJ6y28A==}

  '@harmoniclabs/uplc@1.4.1':
    resolution: {integrity: sha512-sELKStjxPBPBxBMylU4oBSUe0/8eJe2HqRblNSwrMu8Fso4YpSPDqHZ33iDZ8QAadVUsT5r2EQKX0TLrj7qXvQ==}
    peerDependencies:
      '@harmoniclabs/bytestring': ^1.0.0
      '@harmoniclabs/cbor': ^1.3.0
      '@harmoniclabs/crypto': ^0.3.0-dev0
      '@harmoniclabs/pair': ^1.0.0
      '@harmoniclabs/plutus-data': ^1.2.4

  typescript@5.8.3:
    resolution: {integrity: sha512-p1diW6TqL9L07nNxvRMM7hMMw4c5XOo/1ibL4aAIGmSAt9slTE1Xgw5KWuof2uTOvCg9BY7ZRi+GaF+7sfgPeQ==}
    engines: {node: '>=14.17'}
    hasBin: true

snapshots:

  '@harmoniclabs/bigint-utils@1.0.0':
    dependencies:
      '@harmoniclabs/uint8array-utils': 1.0.4

  '@harmoniclabs/biguint@1.0.0': {}

  '@harmoniclabs/bip32_ed25519@0.1.3':
    dependencies:
      '@harmoniclabs/crypto': 0.3.0-dev0
      '@harmoniclabs/uint8array-utils': 1.0.4

  '@harmoniclabs/bitstream@1.0.0':
    dependencies:
      '@harmoniclabs/uint8array-utils': 1.0.4

  '@harmoniclabs/bytestring@1.0.0':
    dependencies:
      '@harmoniclabs/uint8array-utils': 1.0.4

  '@harmoniclabs/cardano-costmodels-ts@1.3.0':
    dependencies:
      '@harmoniclabs/cbor': 1.6.6
      '@harmoniclabs/obj-utils': 1.0.0
      '@harmoniclabs/uint8array-utils': 1.0.4

  '@harmoniclabs/cardano-ledger-ts@0.3.2(@harmoniclabs/bip32_ed25519@0.1.3)(@harmoniclabs/bytestring@1.0.0)(@harmoniclabs/cardano-costmodels-ts@1.3.0)(@harmoniclabs/cbor@1.6.6)(@harmoniclabs/pair@1.0.0)(@harmoniclabs/plutus-data@1.2.4(@harmoniclabs/bytestring@1.0.0)(@harmoniclabs/cbor@1.6.6))(@harmoniclabs/plutus-machine@2.1.1(@harmoniclabs/bytestring@1.0.0)(@harmoniclabs/cbor@1.6.6)(@harmoniclabs/pair@1.0.0)(@harmoniclabs/plutus-data@1.2.4(@harmoniclabs/bytestring@1.0.0)(@harmoniclabs/cbor@1.6.6))(@harmoniclabs/uplc@1.4.1(@harmoniclabs/bytestring@1.0.0)(@harmoniclabs/cbor@1.6.6)(@harmoniclabs/crypto@0.2.5)(@harmoniclabs/pair@1.0.0)(@harmoniclabs/plutus-data@1.2.4(@harmoniclabs/bytestring@1.0.0)(@harmoniclabs/cbor@1.6.6))))':
    dependencies:
      '@harmoniclabs/bigint-utils': 1.0.0
      '@harmoniclabs/bip32_ed25519': 0.1.3
      '@harmoniclabs/bytestring': 1.0.0
      '@harmoniclabs/cardano-costmodels-ts': 1.3.0
      '@harmoniclabs/cbor': 1.6.6
      '@harmoniclabs/crypto': 0.2.5
      '@harmoniclabs/obj-utils': 1.0.0
      '@harmoniclabs/pair': 1.0.0
      '@harmoniclabs/plutus-data': 1.2.4(@harmoniclabs/bytestring@1.0.0)(@harmoniclabs/cbor@1.6.6)
      '@harmoniclabs/plutus-machine': 2.1.1(@harmoniclabs/bytestring@1.0.0)(@harmoniclabs/cbor@1.6.6)(@harmoniclabs/pair@1.0.0)(@harmoniclabs/plutus-data@1.2.4(@harmoniclabs/bytestring@1.0.0)(@harmoniclabs/cbor@1.6.6))(@harmoniclabs/uplc@1.4.1(@harmoniclabs/bytestring@1.0.0)(@harmoniclabs/cbor@1.6.6)(@harmoniclabs/crypto@0.2.5)(@harmoniclabs/pair@1.0.0)(@harmoniclabs/plutus-data@1.2.4(@harmoniclabs/bytestring@1.0.0)(@harmoniclabs/cbor@1.6.6)))
      '@harmoniclabs/uint8array-utils': 1.0.4

  '@harmoniclabs/cbor@1.6.6':
    dependencies:
      '@harmoniclabs/bytestring': 1.0.0
      '@harmoniclabs/obj-utils': 1.0.0
      '@harmoniclabs/uint8array-utils': 1.0.4

  '@harmoniclabs/crypto@0.2.5':
    dependencies:
      '@harmoniclabs/bitstream': 1.0.0
      '@harmoniclabs/uint8array-utils': 1.0.4

  '@harmoniclabs/crypto@0.3.0-dev0':
    dependencies:
      '@harmoniclabs/bitstream': 1.0.0
      '@harmoniclabs/uint8array-utils': 1.0.4

  '@harmoniclabs/obj-utils@1.0.0': {}

  '@harmoniclabs/pair@1.0.0': {}

  ? '@harmoniclabs/plu-ts-offchain@0.2.0(@harmoniclabs/bip32_ed25519@0.1.3)(@harmoniclabs/bytestring@1.0.0)(@harmoniclabs/cardano-costmodels-ts@1.3.0)(@harmoniclabs/cardano-ledger-ts@0.3.2(@harmoniclabs/bip32_ed25519@0.1.3)(@harmoniclabs/bytestring@1.0.0)(@harmoniclabs/cardano-costmodels-ts@1.3.0)(@harmoniclabs/cbor@1.6.6)(@harmoniclabs/pair@1.0.0)(@harmoniclabs/plutus-data@1.2.4(@harmoniclabs/bytestring@1.0.0)(@harmoniclabs/cbor@1.6.6))(@harmoniclabs/plutus-machine@2.1.1(@harmoniclabs/bytestring@1.0.0)(@harmoniclabs/cbor@1.6.6)(@harmoniclabs/pair@1.0.0)(@harmoniclabs/plutus-data@1.2.4(@harmoniclabs/bytestring@1.0.0)(@harmoniclabs/cbor@1.6.6))(@harmoniclabs/uplc@1.4.1(@harmoniclabs/bytestring@1.0.0)(@harmoniclabs/cbor@1.6.6)(@harmoniclabs/crypto@0.2.5)(@harmoniclabs/pair@1.0.0)(@harmoniclabs/plutus-data@1.2.4(@harmoniclabs/bytestring@1.0.0)(@harmoniclabs/cbor@1.6.6)))))(@harmoniclabs/cbor@1.6.6)(@harmoniclabs/pair@1.0.0)(@harmoniclabs/plutus-data@1.2.4(@harmoniclabs/bytestring@1.0.0)(@harmoniclabs/cbor@1.6.6))(@harmoniclabs/plutus-machine@2.1.1(@harmoniclabs/bytestring@1.0.0)(@harmoniclabs/cbor@1.6.6)(@harmoniclabs/pair@1.0.0)(@harmoniclabs/plutus-data@1.2.4(@harmoniclabs/bytestring@1.0.0)(@harmoniclabs/cbor@1.6.6))(@harmoniclabs/uplc@1.4.1(@harmoniclabs/bytestring@1.0.0)(@harmoniclabs/cbor@1.6.6)(@harmoniclabs/crypto@0.2.5)(@harmoniclabs/pair@1.0.0)(@harmoniclabs/plutus-data@1.2.4(@harmoniclabs/bytestring@1.0.0)(@harmoniclabs/cbor@1.6.6))))(@harmoniclabs/uplc@1.4.1(@harmoniclabs/bytestring@1.0.0)(@harmoniclabs/cbor@1.6.6)(@harmoniclabs/crypto@0.2.5)(@harmoniclabs/pair@1.0.0)(@harmoniclabs/plutus-data@1.2.4(@harmoniclabs/bytestring@1.0.0)(@harmoniclabs/cbor@1.6.6)))'
  : dependencies:
      '@harmoniclabs/bigint-utils': 1.0.0
      '@harmoniclabs/bip32_ed25519': 0.1.3
      '@harmoniclabs/bytestring': 1.0.0
      '@harmoniclabs/cardano-costmodels-ts': 1.3.0
      '@harmoniclabs/cardano-ledger-ts': 0.3.2(@harmoniclabs/bip32_ed25519@0.1.3)(@harmoniclabs/bytestring@1.0.0)(@harmoniclabs/cardano-costmodels-ts@1.3.0)(@harmoniclabs/cbor@1.6.6)(@harmoniclabs/pair@1.0.0)(@harmoniclabs/plutus-data@1.2.4(@harmoniclabs/bytestring@1.0.0)(@harmoniclabs/cbor@1.6.6))(@harmoniclabs/plutus-machine@2.1.1(@harmoniclabs/bytestring@1.0.0)(@harmoniclabs/cbor@1.6.6)(@harmoniclabs/pair@1.0.0)(@harmoniclabs/plutus-data@1.2.4(@harmoniclabs/bytestring@1.0.0)(@harmoniclabs/cbor@1.6.6))(@harmoniclabs/uplc@1.4.1(@harmoniclabs/bytestring@1.0.0)(@harmoniclabs/cbor@1.6.6)(@harmoniclabs/crypto@0.2.5)(@harmoniclabs/pair@1.0.0)(@harmoniclabs/plutus-data@1.2.4(@harmoniclabs/bytestring@1.0.0)(@harmoniclabs/cbor@1.6.6))))
      '@harmoniclabs/cbor': 1.6.6
      '@harmoniclabs/crypto': 0.2.5
      '@harmoniclabs/obj-utils': 1.0.0
      '@harmoniclabs/pair': 1.0.0
      '@harmoniclabs/plutus-data': 1.2.4(@harmoniclabs/bytestring@1.0.0)(@harmoniclabs/cbor@1.6.6)
      '@harmoniclabs/plutus-machine': 2.1.1(@harmoniclabs/bytestring@1.0.0)(@harmoniclabs/cbor@1.6.6)(@harmoniclabs/pair@1.0.0)(@harmoniclabs/plutus-data@1.2.4(@harmoniclabs/bytestring@1.0.0)(@harmoniclabs/cbor@1.6.6))(@harmoniclabs/uplc@1.4.1(@harmoniclabs/bytestring@1.0.0)(@harmoniclabs/cbor@1.6.6)(@harmoniclabs/crypto@0.2.5)(@harmoniclabs/pair@1.0.0)(@harmoniclabs/plutus-data@1.2.4(@harmoniclabs/bytestring@1.0.0)(@harmoniclabs/cbor@1.6.6)))
      '@harmoniclabs/uint8array-utils': 1.0.4
      '@harmoniclabs/uplc': 1.4.1(@harmoniclabs/bytestring@1.0.0)(@harmoniclabs/cbor@1.6.6)(@harmoniclabs/crypto@0.2.5)(@harmoniclabs/pair@1.0.0)(@harmoniclabs/plutus-data@1.2.4(@harmoniclabs/bytestring@1.0.0)(@harmoniclabs/cbor@1.6.6))

  ? '@harmoniclabs/plu-ts-onchain@0.4.0(@harmoniclabs/bytestring@1.0.0)(@harmoniclabs/cardano-costmodels-ts@1.3.0)(@harmoniclabs/cardano-ledger-ts@0.3.2(@harmoniclabs/bip32_ed25519@0.1.3)(@harmoniclabs/bytestring@1.0.0)(@harmoniclabs/cardano-costmodels-ts@1.3.0)(@harmoniclabs/cbor@1.6.6)(@harmoniclabs/pair@1.0.0)(@harmoniclabs/plutus-data@1.2.4(@harmoniclabs/bytestring@1.0.0)(@harmoniclabs/cbor@1.6.6))(@harmoniclabs/plutus-machine@2.1.1(@harmoniclabs/bytestring@1.0.0)(@harmoniclabs/cbor@1.6.6)(@harmoniclabs/pair@1.0.0)(@harmoniclabs/plutus-data@1.2.4(@harmoniclabs/bytestring@1.0.0)(@harmoniclabs/cbor@1.6.6))(@harmoniclabs/uplc@1.4.1(@harmoniclabs/bytestring@1.0.0)(@harmoniclabs/cbor@1.6.6)(@harmoniclabs/crypto@0.2.5)(@harmoniclabs/pair@1.0.0)(@harmoniclabs/plutus-data@1.2.4(@harmoniclabs/bytestring@1.0.0)(@harmoniclabs/cbor@1.6.6)))))(@harmoniclabs/cbor@1.6.6)(@harmoniclabs/pair@1.0.0)(@harmoniclabs/plutus-data@1.2.4(@harmoniclabs/bytestring@1.0.0)(@harmoniclabs/cbor@1.6.6))(@harmoniclabs/plutus-machine@2.1.1(@harmoniclabs/bytestring@1.0.0)(@harmoniclabs/cbor@1.6.6)(@harmoniclabs/pair@1.0.0)(@harmoniclabs/plutus-data@1.2.4(@harmoniclabs/bytestring@1.0.0)(@harmoniclabs/cbor@1.6.6))(@harmoniclabs/uplc@1.4.1(@harmoniclabs/bytestring@1.0.0)(@harmoniclabs/cbor@1.6.6)(@harmoniclabs/crypto@0.2.5)(@harmoniclabs/pair@1.0.0)(@harmoniclabs/plutus-data@1.2.4(@harmoniclabs/bytestring@1.0.0)(@harmoniclabs/cbor@1.6.6))))(@harmoniclabs/uplc@1.4.1(@harmoniclabs/bytestring@1.0.0)(@harmoniclabs/cbor@1.6.6)(@harmoniclabs/crypto@0.2.5)(@harmoniclabs/pair@1.0.0)(@harmoniclabs/plutus-data@1.2.4(@harmoniclabs/bytestring@1.0.0)(@harmoniclabs/cbor@1.6.6)))'
  : dependencies:
      '@harmoniclabs/bigint-utils': 1.0.0
      '@harmoniclabs/bytestring': 1.0.0
      '@harmoniclabs/cardano-costmodels-ts': 1.3.0
      '@harmoniclabs/cardano-ledger-ts': 0.3.2(@harmoniclabs/bip32_ed25519@0.1.3)(@harmoniclabs/bytestring@1.0.0)(@harmoniclabs/cardano-costmodels-ts@1.3.0)(@harmoniclabs/cbor@1.6.6)(@harmoniclabs/pair@1.0.0)(@harmoniclabs/plutus-data@1.2.4(@harmoniclabs/bytestring@1.0.0)(@harmoniclabs/cbor@1.6.6))(@harmoniclabs/plutus-machine@2.1.1(@harmoniclabs/bytestring@1.0.0)(@harmoniclabs/cbor@1.6.6)(@harmoniclabs/pair@1.0.0)(@harmoniclabs/plutus-data@1.2.4(@harmoniclabs/bytestring@1.0.0)(@harmoniclabs/cbor@1.6.6))(@harmoniclabs/uplc@1.4.1(@harmoniclabs/bytestring@1.0.0)(@harmoniclabs/cbor@1.6.6)(@harmoniclabs/crypto@0.2.5)(@harmoniclabs/pair@1.0.0)(@harmoniclabs/plutus-data@1.2.4(@harmoniclabs/bytestring@1.0.0)(@harmoniclabs/cbor@1.6.6))))
      '@harmoniclabs/cbor': 1.6.6
      '@harmoniclabs/crypto': 0.2.5
      '@harmoniclabs/obj-utils': 1.0.0
      '@harmoniclabs/pair': 1.0.0
      '@harmoniclabs/plutus-data': 1.2.4(@harmoniclabs/bytestring@1.0.0)(@harmoniclabs/cbor@1.6.6)
      '@harmoniclabs/plutus-machine': 2.1.1(@harmoniclabs/bytestring@1.0.0)(@harmoniclabs/cbor@1.6.6)(@harmoniclabs/pair@1.0.0)(@harmoniclabs/plutus-data@1.2.4(@harmoniclabs/bytestring@1.0.0)(@harmoniclabs/cbor@1.6.6))(@harmoniclabs/uplc@1.4.1(@harmoniclabs/bytestring@1.0.0)(@harmoniclabs/cbor@1.6.6)(@harmoniclabs/crypto@0.2.5)(@harmoniclabs/pair@1.0.0)(@harmoniclabs/plutus-data@1.2.4(@harmoniclabs/bytestring@1.0.0)(@harmoniclabs/cbor@1.6.6)))
      '@harmoniclabs/uint8array-utils': 1.0.4
      '@harmoniclabs/uplc': 1.4.1(@harmoniclabs/bytestring@1.0.0)(@harmoniclabs/cbor@1.6.6)(@harmoniclabs/crypto@0.2.5)(@harmoniclabs/pair@1.0.0)(@harmoniclabs/plutus-data@1.2.4(@harmoniclabs/bytestring@1.0.0)(@harmoniclabs/cbor@1.6.6))

  '@harmoniclabs/plu-ts@0.9.0':
    dependencies:
      '@harmoniclabs/bigint-utils': 1.0.0
      '@harmoniclabs/bip32_ed25519': 0.1.3
      '@harmoniclabs/bytestring': 1.0.0
      '@harmoniclabs/cardano-costmodels-ts': 1.3.0
      '@harmoniclabs/cardano-ledger-ts': 0.3.2(@harmoniclabs/bip32_ed25519@0.1.3)(@harmoniclabs/bytestring@1.0.0)(@harmoniclabs/cardano-costmodels-ts@1.3.0)(@harmoniclabs/cbor@1.6.6)(@harmoniclabs/pair@1.0.0)(@harmoniclabs/plutus-data@1.2.4(@harmoniclabs/bytestring@1.0.0)(@harmoniclabs/cbor@1.6.6))(@harmoniclabs/plutus-machine@2.1.1(@harmoniclabs/bytestring@1.0.0)(@harmoniclabs/cbor@1.6.6)(@harmoniclabs/pair@1.0.0)(@harmoniclabs/plutus-data@1.2.4(@harmoniclabs/bytestring@1.0.0)(@harmoniclabs/cbor@1.6.6))(@harmoniclabs/uplc@1.4.1(@harmoniclabs/bytestring@1.0.0)(@harmoniclabs/cbor@1.6.6)(@harmoniclabs/crypto@0.2.5)(@harmoniclabs/pair@1.0.0)(@harmoniclabs/plutus-data@1.2.4(@harmoniclabs/bytestring@1.0.0)(@harmoniclabs/cbor@1.6.6))))
      '@harmoniclabs/cbor': 1.6.6
      '@harmoniclabs/crypto': 0.2.5
      '@harmoniclabs/obj-utils': 1.0.0
      '@harmoniclabs/pair': 1.0.0
      '@harmoniclabs/plu-ts-offchain': 0.2.0(@harmoniclabs/bip32_ed25519@0.1.3)(@harmoniclabs/bytestring@1.0.0)(@harmoniclabs/cardano-costmodels-ts@1.3.0)(@harmoniclabs/cardano-ledger-ts@0.3.2(@harmoniclabs/bip32_ed25519@0.1.3)(@harmoniclabs/bytestring@1.0.0)(@harmoniclabs/cardano-costmodels-ts@1.3.0)(@harmoniclabs/cbor@1.6.6)(@harmoniclabs/pair@1.0.0)(@harmoniclabs/plutus-data@1.2.4(@harmoniclabs/bytestring@1.0.0)(@harmoniclabs/cbor@1.6.6))(@harmoniclabs/plutus-machine@2.1.1(@harmoniclabs/bytestring@1.0.0)(@harmoniclabs/cbor@1.6.6)(@harmoniclabs/pair@1.0.0)(@harmoniclabs/plutus-data@1.2.4(@harmoniclabs/bytestring@1.0.0)(@harmoniclabs/cbor@1.6.6))(@harmoniclabs/uplc@1.4.1(@harmoniclabs/bytestring@1.0.0)(@harmoniclabs/cbor@1.6.6)(@harmoniclabs/crypto@0.2.5)(@harmoniclabs/pair@1.0.0)(@harmoniclabs/plutus-data@1.2.4(@harmoniclabs/bytestring@1.0.0)(@harmoniclabs/cbor@1.6.6)))))(@harmoniclabs/cbor@1.6.6)(@harmoniclabs/pair@1.0.0)(@harmoniclabs/plutus-data@1.2.4(@harmoniclabs/bytestring@1.0.0)(@harmoniclabs/cbor@1.6.6))(@harmoniclabs/plutus-machine@2.1.1(@harmoniclabs/bytestring@1.0.0)(@harmoniclabs/cbor@1.6.6)(@harmoniclabs/pair@1.0.0)(@harmoniclabs/plutus-data@1.2.4(@harmoniclabs/bytestring@1.0.0)(@harmoniclabs/cbor@1.6.6))(@harmoniclabs/uplc@1.4.1(@harmoniclabs/bytestring@1.0.0)(@harmoniclabs/cbor@1.6.6)(@harmoniclabs/crypto@0.2.5)(@harmoniclabs/pair@1.0.0)(@harmoniclabs/plutus-data@1.2.4(@harmoniclabs/bytestring@1.0.0)(@harmoniclabs/cbor@1.6.6))))(@harmoniclabs/uplc@1.4.1(@harmoniclabs/bytestring@1.0.0)(@harmoniclabs/cbor@1.6.6)(@harmoniclabs/crypto@0.2.5)(@harmoniclabs/pair@1.0.0)(@harmoniclabs/plutus-data@1.2.4(@harmoniclabs/bytestring@1.0.0)(@harmoniclabs/cbor@1.6.6)))
      '@harmoniclabs/plu-ts-onchain': 0.4.0(@harmoniclabs/bytestring@1.0.0)(@harmoniclabs/cardano-costmodels-ts@1.3.0)(@harmoniclabs/cardano-ledger-ts@0.3.2(@harmoniclabs/bip32_ed25519@0.1.3)(@harmoniclabs/bytestring@1.0.0)(@harmoniclabs/cardano-costmodels-ts@1.3.0)(@harmoniclabs/cbor@1.6.6)(@harmoniclabs/pair@1.0.0)(@harmoniclabs/plutus-data@1.2.4(@harmoniclabs/bytestring@1.0.0)(@harmoniclabs/cbor@1.6.6))(@harmoniclabs/plutus-machine@2.1.1(@harmoniclabs/bytestring@1.0.0)(@harmoniclabs/cbor@1.6.6)(@harmoniclabs/pair@1.0.0)(@harmoniclabs/plutus-data@1.2.4(@harmoniclabs/bytestring@1.0.0)(@harmoniclabs/cbor@1.6.6))(@harmoniclabs/uplc@1.4.1(@harmoniclabs/bytestring@1.0.0)(@harmoniclabs/cbor@1.6.6)(@harmoniclabs/crypto@0.2.5)(@harmoniclabs/pair@1.0.0)(@harmoniclabs/plutus-data@1.2.4(@harmoniclabs/bytestring@1.0.0)(@harmoniclabs/cbor@1.6.6)))))(@harmoniclabs/cbor@1.6.6)(@harmoniclabs/pair@1.0.0)(@harmoniclabs/plutus-data@1.2.4(@harmoniclabs/bytestring@1.0.0)(@harmoniclabs/cbor@1.6.6))(@harmoniclabs/plutus-machine@2.1.1(@harmoniclabs/bytestring@1.0.0)(@harmoniclabs/cbor@1.6.6)(@harmoniclabs/pair@1.0.0)(@harmoniclabs/plutus-data@1.2.4(@harmoniclabs/bytestring@1.0.0)(@harmoniclabs/cbor@1.6.6))(@harmoniclabs/uplc@1.4.1(@harmoniclabs/bytestring@1.0.0)(@harmoniclabs/cbor@1.6.6)(@harmoniclabs/crypto@0.2.5)(@harmoniclabs/pair@1.0.0)(@harmoniclabs/plutus-data@1.2.4(@harmoniclabs/bytestring@1.0.0)(@harmoniclabs/cbor@1.6.6))))(@harmoniclabs/uplc@1.4.1(@harmoniclabs/bytestring@1.0.0)(@harmoniclabs/cbor@1.6.6)(@harmoniclabs/crypto@0.2.5)(@harmoniclabs/pair@1.0.0)(@harmoniclabs/plutus-data@1.2.4(@harmoniclabs/bytestring@1.0.0)(@harmoniclabs/cbor@1.6.6)))
      '@harmoniclabs/plutus-data': 1.2.4(@harmoniclabs/bytestring@1.0.0)(@harmoniclabs/cbor@1.6.6)
      '@harmoniclabs/plutus-machine': 2.1.1(@harmoniclabs/bytestring@1.0.0)(@harmoniclabs/cbor@1.6.6)(@harmoniclabs/pair@1.0.0)(@harmoniclabs/plutus-data@1.2.4(@harmoniclabs/bytestring@1.0.0)(@harmoniclabs/cbor@1.6.6))(@harmoniclabs/uplc@1.4.1(@harmoniclabs/bytestring@1.0.0)(@harmoniclabs/cbor@1.6.6)(@harmoniclabs/crypto@0.2.5)(@harmoniclabs/pair@1.0.0)(@harmoniclabs/plutus-data@1.2.4(@harmoniclabs/bytestring@1.0.0)(@harmoniclabs/cbor@1.6.6)))
      '@harmoniclabs/uint8array-utils': 1.0.4
      '@harmoniclabs/uplc': 1.4.1(@harmoniclabs/bytestring@1.0.0)(@harmoniclabs/cbor@1.6.6)(@harmoniclabs/crypto@0.2.5)(@harmoniclabs/pair@1.0.0)(@harmoniclabs/plutus-data@1.2.4(@harmoniclabs/bytestring@1.0.0)(@harmoniclabs/cbor@1.6.6))

  '@harmoniclabs/plutus-data@1.2.4(@harmoniclabs/bytestring@1.0.0)(@harmoniclabs/cbor@1.6.6)':
    dependencies:
      '@harmoniclabs/biguint': 1.0.0
      '@harmoniclabs/bytestring': 1.0.0
      '@harmoniclabs/cbor': 1.6.6
      '@harmoniclabs/crypto': 0.2.5
      '@harmoniclabs/uint8array-utils': 1.0.4

  '@harmoniclabs/plutus-machine@2.1.1(@harmoniclabs/bytestring@1.0.0)(@harmoniclabs/cbor@1.6.6)(@harmoniclabs/pair@1.0.0)(@harmoniclabs/plutus-data@1.2.4(@harmoniclabs/bytestring@1.0.0)(@harmoniclabs/cbor@1.6.6))(@harmoniclabs/uplc@1.4.1(@harmoniclabs/bytestring@1.0.0)(@harmoniclabs/cbor@1.6.6)(@harmoniclabs/crypto@0.2.5)(@harmoniclabs/pair@1.0.0)(@harmoniclabs/plutus-data@1.2.4(@harmoniclabs/bytestring@1.0.0)(@harmoniclabs/cbor@1.6.6)))':
    dependencies:
      '@harmoniclabs/bigint-utils': 1.0.0
      '@harmoniclabs/bytestring': 1.0.0
      '@harmoniclabs/cardano-costmodels-ts': 1.3.0
      '@harmoniclabs/cbor': 1.6.6
      '@harmoniclabs/crypto': 0.3.0-dev0
      '@harmoniclabs/obj-utils': 1.0.0
      '@harmoniclabs/pair': 1.0.0
      '@harmoniclabs/plutus-data': 1.2.4(@harmoniclabs/bytestring@1.0.0)(@harmoniclabs/cbor@1.6.6)
      '@harmoniclabs/uint8array-utils': 1.0.4
      '@harmoniclabs/uplc': 1.4.1(@harmoniclabs/bytestring@1.0.0)(@harmoniclabs/cbor@1.6.6)(@harmoniclabs/crypto@0.2.5)(@harmoniclabs/pair@1.0.0)(@harmoniclabs/plutus-data@1.2.4(@harmoniclabs/bytestring@1.0.0)(@harmoniclabs/cbor@1.6.6))

  '@harmoniclabs/uint8array-utils@1.0.4': {}

  '@harmoniclabs/uplc@1.4.1(@harmoniclabs/bytestring@1.0.0)(@harmoniclabs/cbor@1.6.6)(@harmoniclabs/crypto@0.2.5)(@harmoniclabs/pair@1.0.0)(@harmoniclabs/plutus-data@1.2.4(@harmoniclabs/bytestring@1.0.0)(@harmoniclabs/cbor@1.6.6))':
    dependencies:
      '@harmoniclabs/bigint-utils': 1.0.0
      '@harmoniclabs/bytestring': 1.0.0
      '@harmoniclabs/cbor': 1.6.6
      '@harmoniclabs/crypto': 0.2.5
      '@harmoniclabs/pair': 1.0.0
      '@harmoniclabs/plutus-data': 1.2.4(@harmoniclabs/bytestring@1.0.0)(@harmoniclabs/cbor@1.6.6)
      '@harmoniclabs/uint8array-utils': 1.0.4

  typescript@5.8.3: {}
